
Microsoft Visual Studio Solution File, Format Version 12.00
# Visual Studio Version 17
VisualStudioVersion = 17.3.32811.315
MinimumVisualStudioVersion = 10.0.40219.1
Project("{9A19103F-16F7-4668-BE54-9A1E7A4F7556}") = "1-01", "1-01\1-01.csproj", "{D0CF4274-A852-4FAD-B9E2-2009D6D541DC}"
EndProject
Project("{9A19103F-16F7-4668-BE54-9A1E7A4F7556}") = "1-02", "1-02\1-02.csproj", "{4718E2A3-BB0D-41C0-BDD1-BC38C3EF3BED}"
EndProject
Project("{9A19103F-16F7-4668-BE54-9A1E7A4F7556}") = "1-03", "1-03\1-03.csproj", "{2E101328-DC94-418A-BD29-FD024B5BCA60}"
EndProject
Project("{9A19103F-16F7-4668-BE54-9A1E7A4F7556}") = "1-04", "1-04\1-04.csproj", "{F2064D96-A37C-47B8-B8C6-ADDAF5DDA4DA}"
EndProject
Project("{9A19103F-16F7-4668-BE54-9A1E7A4F7556}") = "1-05", "1-05\1-05.csproj", "{68C3F92E-1B5B-4186-A806-36E4F57D34B2}"
EndProject
Project("{9A19103F-16F7-4668-BE54-9A1E7A4F7556}") = "1-06", "1-06\1-06.csproj", "{9B9CC1DE-F1D2-46CA-8EC9-A8E5279C3E31}"
EndProject
Project("{9A19103F-16F7-4668-BE54-9A1E7A4F7556}") = "1-07", "1-07\1-07.csproj", "{B7F5221E-2A1C-411D-A244-A682267018E2}"
EndProject
Project("{9A19103F-16F7-4668-BE54-9A1E7A4F7556}") = "1-08", "1-08\1-08.csproj", "{D38EC774-2D18-413A-9538-27BD9B51E514}"
EndProject
Project("{9A19103F-16F7-4668-BE54-9A1E7A4F7556}") = "1-09", "1-09\1-09.csproj", "{4E5D58C0-F654-48F2-9C0F-D08B4C933F55}"
EndProject
Project("{2150E333-8FDC-42A3-9474-1A3956D46DE8}") = "Clase01", "Clase01", "{B461055E-2AE7-4970-8075-435109CA80ED}"
EndProject
Project("{9A19103F-16F7-4668-BE54-9A1E7A4F7556}") = "2-01", "02-01\2-01.csproj", "{B8B30BFA-D329-401B-96E6-89A4339980C0}"
EndProject
Project("{2150E333-8FDC-42A3-9474-1A3956D46DE8}") = "Clase02", "Clase02", "{06643374-5AAE-470D-B68E-8DA331A1CF40}"
EndProject
Project("{9A19103F-16F7-4668-BE54-9A1E7A4F7556}") = "2-04", "02-04\2-04.csproj", "{7ED02254-5889-497C-9FD0-697CFFD2D22C}"
EndProject
Project("{9A19103F-16F7-4668-BE54-9A1E7A4F7556}") = "2-02", "2-02\2-02.csproj", "{EB682D5A-8CF5-4A9F-8B0B-A7AE2271569C}"
EndProject
Project("{9A19103F-16F7-4668-BE54-9A1E7A4F7556}") = "2-03", "2-03\2-03.csproj", "{C3814393-3C3C-419B-9C61-826D1A522138}"
EndProject
Project("{9A19103F-16F7-4668-BE54-9A1E7A4F7556}") = "2-05", "2-05\2-05.csproj", "{CA41D5C2-7119-409E-9DB9-805DD5C85918}"
EndProject
Project("{9A19103F-16F7-4668-BE54-9A1E7A4F7556}") = "2-06", "2-06\2-06.csproj", "{21F470B3-CE32-4CF5-AAFB-6B0507922F4F}"
EndProject
Project("{9A19103F-16F7-4668-BE54-9A1E7A4F7556}") = "2-07", "2-07\2-07.csproj", "{E84F499A-F713-4F9B-9785-8A1943A05628}"
EndProject
Project("{9A19103F-16F7-4668-BE54-9A1E7A4F7556}") = "2-08", "2-08\2-08.csproj", "{DA3FDB2A-0D14-49D7-9BDD-FFA0805B7ABC}"
EndProject
Project("{9A19103F-16F7-4668-BE54-9A1E7A4F7556}") = "2-09", "2-09\2-09.csproj", "{976D2B91-B6FD-4D6F-A588-30C012E67CFD}"
EndProject
Project("{2150E333-8FDC-42A3-9474-1A3956D46DE8}") = "Clase03 - Programación orientada a objetos", "Clase03 - Programación orientada a objetos", "{C811558B-3D12-47BE-A8EF-57193B6EBA26}"
EndProject
Project("{9A19103F-16F7-4668-BE54-9A1E7A4F7556}") = "01 - Creo que necesito un prestamo", "01 - Creo que necesito un prestamo\01 - Creo que necesito un prestamo.csproj", "{853A99B9-B2EA-4DC2-A31B-77F385DDAA9F}"
EndProject
Project("{9A19103F-16F7-4668-BE54-9A1E7A4F7556}") = "01 - Creo que necesito un prestamo ejecutable", "01 - Creo que necesito un prestamo ejecutable\01 - Creo que necesito un prestamo ejecutable.csproj", "{8329D80F-2E2C-4634-87C0-E63A7D8129E4}"
EndProject
Project("{9A19103F-16F7-4668-BE54-9A1E7A4F7556}") = "02 - Vos cuántas primaveras tenés", "02 - Vos cuántas primaveras tenés\02 - Vos cuántas primaveras tenés.csproj", "{21B0E297-ABCF-4325-A94B-D975E57FD74F}"
EndProject
Project("{9A19103F-16F7-4668-BE54-9A1E7A4F7556}") = "02 - Vos cuantas primaveras tenes ejecutable", "02 - Vos cuantas primaveras tenes ejecutable\02 - Vos cuantas primaveras tenes ejecutable.csproj", "{3F826B84-0678-4AA6-A5C4-53BC5022A959}"
EndProject
Project("{9A19103F-16F7-4668-BE54-9A1E7A4F7556}") = "03 - El ejemplo universal", "03 - El ejemplo universal\03 - El ejemplo universal.csproj", "{C25CBAFA-9431-4524-8AA0-8463D0622620}"
EndProject
Project("{9A19103F-16F7-4668-BE54-9A1E7A4F7556}") = "03 - El ejemplo universal ejecutable", "03 - El ejemplo universal ejecutable\03 - El ejemplo universal ejecutable.csproj", "{C3164E46-E23B-4275-BC2A-782A176C3DF8}"
EndProject
Project("{2150E333-8FDC-42A3-9474-1A3956D46DE8}") = "Clase04", "Clase04", "{DA7C7077-6808-4029-AC92-E8756CC2FDB5}"
EndProject
Project("{9A19103F-16F7-4668-BE54-9A1E7A4F7556}") = "01 - Sumador", "01 - Sumador\01 - Sumador.csproj", "{130FDF5E-273D-46C1-9834-9EB67BCFC097}"
EndProject
Project("{9A19103F-16F7-4668-BE54-9A1E7A4F7556}") = "01 - Sumador ejecutable", "01 - Sumador ejecutable\01 - Sumador ejecutable.csproj", "{9DA4C319-274C-4BD9-8A12-32834BDBC425}"
EndProject
Project("{9A19103F-16F7-4668-BE54-9A1E7A4F7556}") = "EjercicioClase - Producto", "EjercicioClase - Producto\EjercicioClase - Producto.csproj", "{03E9CD9A-7A15-4013-808E-80A4F84084A9}"
EndProject
Project("{9A19103F-16F7-4668-BE54-9A1E7A4F7556}") = "02 - Cotizador - Billetes", "Billetes\02 - Cotizador - Billetes.csproj", "{940EB305-6E88-43F7-A6C9-B31037C1E8F1}"
EndProject
Project("{9A19103F-16F7-4668-BE54-9A1E7A4F7556}") = "02 - Cotizador - Ejecutable", "02 - Cotizador - Consola\02 - Cotizador - Ejecutable.csproj", "{2CF2D983-145D-428F-9DB1-A9D943501F29}"
EndProject
Project("{2150E333-8FDC-42A3-9474-1A3956D46DE8}") = "Clase04 - En clase", "Clase04 - En clase", "{542CD6AE-0918-41C0-8E03-3999BA1AFDF9}"
EndProject
Project("{9A19103F-16F7-4668-BE54-9A1E7A4F7556}") = "03 - Conversor Binario Recargado", "03 - Conversor Binario Recargado\03 - Conversor Binario Recargado.csproj", "{80A21B2A-75AA-483A-B1AC-3C38D5997D91}"
EndProject
Project("{9A19103F-16F7-4668-BE54-9A1E7A4F7556}") = "04 - Estanteria Biblioteca", "04 - Estanteria Biblioteca\04 - Estanteria Biblioteca.csproj", "{CC48C69C-7B6A-43A6-A993-75D90BFC4AF9}"
EndProject
Project("{9A19103F-16F7-4668-BE54-9A1E7A4F7556}") = "04 - Estanteria ejecutable", "04 - Estanteria ejecutable\04 - Estanteria ejecutable.csproj", "{C887F2C2-9011-4A98-94B3-B4F0C0AD565B}"
EndProject
Project("{2150E333-8FDC-42A3-9474-1A3956D46DE8}") = "Clase05 - En clase", "Clase05 - En clase", "{43B90837-5BD5-415D-859F-6C8528E7EA7A}"
EndProject
Project("{9A19103F-16F7-4668-BE54-9A1E7A4F7556}") = "Tinta Biblioteca", "Tinta Biblioteca\Tinta Biblioteca.csproj", "{CFC1F390-6257-4655-A012-651DBF597FD8}"
EndProject
Project("{2150E333-8FDC-42A3-9474-1A3956D46DE8}") = "Clase06 - En clase", "Clase06 - En clase", "{C306E419-5836-4F46-ABDE-CD577B5B2413}"
EndProject
Project("{9A19103F-16F7-4668-BE54-9A1E7A4F7556}") = "ClaseForm", "ClaseForm\ClaseForm.csproj", "{5C3C1E5C-7633-4491-86D9-196B6576CC2C}"
EndProject
Project("{9A19103F-16F7-4668-BE54-9A1E7A4F7556}") = "01 - ¡Hola, Windows Forms!", "01 - ¡Hola, Windows Forms!\01 - ¡Hola, Windows Forms!.csproj", "{BBA34B1F-0C52-4432-AC2F-03FC1E3C168F}"
EndProject
Project("{2150E333-8FDC-42A3-9474-1A3956D46DE8}") = "Clase05", "Clase05", "{6BB030F0-8FEA-4052-A93C-D99A6B76891D}"
EndProject
Project("{2150E333-8FDC-42A3-9474-1A3956D46DE8}") = "02 - Registrate", "02 - Registrate", "{5DFD39E5-B5D1-43FD-B0F6-6B4085EBA0E1}"
EndProject
Project("{2150E333-8FDC-42A3-9474-1A3956D46DE8}") = "01 - Hola, Windows Forms", "01 - Hola, Windows Forms", "{A3440013-D290-426D-A159-B7F810E52F4D}"
EndProject
Project("{9A19103F-16F7-4668-BE54-9A1E7A4F7556}") = "Registrate", "Registrate\Registrate.csproj", "{95E56B62-EF78-4BCB-8FD7-E26E230DF05D}"
EndProject
Project("{9A19103F-16F7-4668-BE54-9A1E7A4F7556}") = "Ingresante", "Ingresante\Ingresante.csproj", "{CFCA2556-BABC-4FE7-9348-4A44DFDF2C06}"
EndProject
Project("{2150E333-8FDC-42A3-9474-1A3956D46DE8}") = "Clase07 - En clase", "Clase07 - En clase", "{BBCA56CA-AFBE-4221-A8BE-76CCE4E29547}"
EndProject
Project("{9A19103F-16F7-4668-BE54-9A1E7A4F7556}") = "Colecciones", "Colecciones\Colecciones.csproj", "{DDAACB95-40AD-461F-A8A2-F898FDB122E3}"
EndProject
Project("{2150E333-8FDC-42A3-9474-1A3956D46DE8}") = "Clase08", "Clase08", "{C0209133-127F-4444-89A6-C84E22B443BA}"
EndProject
Project("{9A19103F-16F7-4668-BE54-9A1E7A4F7556}") = "01 - Puesto de atención", "01 - Puesto de atención\01 - Puesto de atención.csproj", "{CF7D36F5-69C7-4A9E-BC53-1465C4C9E4E4}"
EndProject
Project("{9A19103F-16F7-4668-BE54-9A1E7A4F7556}") = "01 - Puesto de atención ejecutable", "01 - Puesto de atención ejecutable\01 - Puesto de atención ejecutable.csproj", "{5F668B3B-7FFD-4089-92F6-46DE7BEBBCA1}"
EndProject
Project("{9A19103F-16F7-4668-BE54-9A1E7A4F7556}") = "Ejercicio01", "Ejercicio01\Ejercicio01.csproj", "{6A0EC2D1-B208-4286-A54B-5C26564DC649}"
EndProject
Project("{9A19103F-16F7-4668-BE54-9A1E7A4F7556}") = "Ejercicio02", "Ejercicio 02\Ejercicio02.csproj", "{707939AB-86FA-4122-BA93-D277826649A3}"
EndProject
Project("{9A19103F-16F7-4668-BE54-9A1E7A4F7556}") = "Ejercicio03", "Paleta\Ejercicio03.csproj", "{4BB08AD4-F356-4587-B170-8A34B457BD40}"
EndProject
Project("{9A19103F-16F7-4668-BE54-9A1E7A4F7556}") = "Ejercicio04", "Ejercicio04\Ejercicio04.csproj", "{A824B69D-175B-45B9-A841-CA25B8F9ED4E}"
EndProject
Project("{2150E333-8FDC-42A3-9474-1A3956D46DE8}") = "Clase07", "Clase07", "{EC6F72C1-3171-458E-836A-29527E39ECE9}"
EndProject
Project("{9A19103F-16F7-4668-BE54-9A1E7A4F7556}") = "01 - Numeros locos", "01 - Numeros locos\01 - Numeros locos.csproj", "{85E50F1B-4FDD-4075-8424-468660DADDAC}"
EndProject
Project("{2150E333-8FDC-42A3-9474-1A3956D46DE8}") = "Clase09 - Herencia", "Clase09 - Herencia", "{576218FB-BAF3-4D7C-B430-CC54FF5F6101}"
EndProject
Project("{2150E333-8FDC-42A3-9474-1A3956D46DE8}") = "Clase10 - En clase", "Clase10 - En clase", "{A754FD01-D2A6-43BB-81D4-99C4785B2059}"
EndProject
Project("{9A19103F-16F7-4668-BE54-9A1E7A4F7556}") = "ConsoleApp1", "ConsoleApp1\ConsoleApp1.csproj", "{0D0AA5C9-331D-4593-8FAD-9B79CD5E9583}"
EndProject
Project("{2150E333-8FDC-42A3-9474-1A3956D46DE8}") = "Clase09 - Polimorfismo", "Clase09 - Polimorfismo", "{FF23BC8B-6EF7-4993-BDF1-374A19CDC546}"
EndProject
Project("{9A19103F-16F7-4668-BE54-9A1E7A4F7556}") = "Calculadora de formas", "Calculadora de formas\Calculadora de formas.csproj", "{9DE9C8CD-DBD7-497C-9DA4-778DAC1D3F9E}"
EndProject
Project("{9A19103F-16F7-4668-BE54-9A1E7A4F7556}") = "Calculadora de formas - Ejecutable", "Calculadora de formas - Ejecutable\Calculadora de formas - Ejecutable.csproj", "{B3DD828F-A67C-4D1F-AFCC-2F13C3FBFFA7}"
EndProject
Project("{9A19103F-16F7-4668-BE54-9A1E7A4F7556}") = "05 - Prueba de geometría", "05 - Prueba de geometría\05 - Prueba de geometría.csproj", "{ECB781EF-C258-4020-ACAE-F15144EB5300}"
EndProject
Project("{2150E333-8FDC-42A3-9474-1A3956D46DE8}") = "Clase11 - Excepciones", "Clase11 - Excepciones", "{E0DE6525-2A8F-4049-AC04-38B9CF7846A0}"
EndProject
Project("{9A19103F-16F7-4668-BE54-9A1E7A4F7556}") = "01 - Lanzar y atrapar", "01 - Lanzar y atrapar\01 - Lanzar y atrapar.csproj", "{69CB0A55-42CA-44E8-AAC8-00D3286B2F9A}"
EndProject
Project("{2150E333-8FDC-42A3-9474-1A3956D46DE8}") = "Clase11 - En Clase", "Clase11 - En Clase", "{BB36AB18-122E-431E-9654-D37EF32EB338}"
EndProject
Project("{9A19103F-16F7-4668-BE54-9A1E7A4F7556}") = "TryParse", "TryParse\TryParse.csproj", "{BE6BBB82-8C69-482C-8D0C-15296B36B6A4}"
EndProject
Project("{9A19103F-16F7-4668-BE54-9A1E7A4F7556}") = "Excepciones 1", "Excepciones 1\Excepciones 1.csproj", "{4FB9DB6F-C337-428B-AB32-66CBF64037E2}"
EndProject
Project("{9A19103F-16F7-4668-BE54-9A1E7A4F7556}") = "Excepciones 2", "Excepciones 02\Excepciones 2.csproj", "{EB7CD74D-B211-4FB9-8CA5-65EC74D62120}"
EndProject
Project("{9A19103F-16F7-4668-BE54-9A1E7A4F7556}") = "02 - Atrapame si puedes", "02 - Atrapame si puedes\02 - Atrapame si puedes.csproj", "{012F2F31-7FBB-440C-AD32-AADD7B1DBE4C}"
EndProject
Project("{2150E333-8FDC-42A3-9474-1A3956D46DE8}") = "Clase12 - Pruebas unitarias", "Clase12 - Pruebas unitarias", "{AF2D63DF-8F19-441E-8673-8B3F4A73034E}"
EndProject
Project("{2150E333-8FDC-42A3-9474-1A3956D46DE8}") = "Clase13 -Tipos genéricos", "Clase13 -Tipos genéricos", "{06AE69CA-5FB3-41D2-875A-7B50760C03AB}"
EndProject
Project("{2150E333-8FDC-42A3-9474-1A3956D46DE8}") = "00Probando", "00Probando", "{D20AB682-50F1-43A7-905F-EC1A7FAFFAE7}"
EndProject
Project("{9A19103F-16F7-4668-BE54-9A1E7A4F7556}") = "ConsoleApp2", "ConsoleApp2\ConsoleApp2.csproj", "{FED4393E-60EF-45ED-AAA9-47B24936E522}"
EndProject
Project("{9A19103F-16F7-4668-BE54-9A1E7A4F7556}") = "Ejercicio 01 - Test Driven Development", "Ejercicio 01\Ejercicio 01 - Test Driven Development.csproj", "{9E027C7E-265A-4EBB-AC3F-7BF37BDBFE1B}"
EndProject
Project("{9A19103F-16F7-4668-BE54-9A1E7A4F7556}") = "Ejercicio 01 - Tests", "Ejercicio 01 - Test 1\Ejercicio 01 - Tests.csproj", "{AE1AF13E-D236-45FF-BA6E-4482717AD3FE}"
EndProject
Project("{2150E333-8FDC-42A3-9474-1A3956D46DE8}") = "Clase14 - Interfaces", "Clase14 - Interfaces", "{66BA8778-A2F0-406E-8C46-3A02D158DFA5}"
EndProject
Project("{2150E333-8FDC-42A3-9474-1A3956D46DE8}") = "Clase15 - Archivos", "Clase15 - Archivos", "{C51F2219-5242-4DCA-8C24-DFB857246D0D}"
EndProject
Project("{2150E333-8FDC-42A3-9474-1A3956D46DE8}") = "Clase16 - Serialización", "Clase16 - Serialización", "{DC473D01-A6AD-433E-AA98-F13B76676F42}"
EndProject
Project("{9A19103F-16F7-4668-BE54-9A1E7A4F7556}") = "frmNotePad", "frmNotePad\frmNotePad.csproj", "{F79D45B0-269F-4F16-8671-C523DAA24CBC}"
EndProject
Project("{9A19103F-16F7-4668-BE54-9A1E7A4F7556}") = "Archivos", "Archivos\Archivos.csproj", "{E0A94264-B7F0-4F0C-8BE7-32D92857BD7D}"
EndProject
Project("{2150E333-8FDC-42A3-9474-1A3956D46DE8}") = "Lista de super", "Lista de super", "{2ED528A0-02C7-49B4-9D35-BB6A7362AB6C}"
EndProject
Project("{9A19103F-16F7-4668-BE54-9A1E7A4F7556}") = "FrmAltaModificacion", "FrmAltaModificacion\FrmAltaModificacion.csproj", "{DF103FF4-85A4-4E2C-8A2F-1B9EA7873A2B}"
EndProject
Project("{9A19103F-16F7-4668-BE54-9A1E7A4F7556}") = "PARCIAL", "PARCIAL\PARCIAL.csproj", "{BF2F31B7-670C-4F81-8E30-4699B302685D}"
EndProject
Project("{9A19103F-16F7-4668-BE54-9A1E7A4F7556}") = "Torneo", "Torneo\Torneo.csproj", "{1B2DB0D2-DD89-4CBE-A3DE-475932B566CE}"
EndProject
Project("{9A19103F-16F7-4668-BE54-9A1E7A4F7556}") = "Torneo - App", "Torneo - App\Torneo - App.csproj", "{4DAE72E2-E09A-4C92-B10C-DED9ECAD6ADC}"
EndProject
Project("{FAE04EC0-301F-11D3-BF4B-00C04F79EFBC}") = "FizzBuzzGame", "FizzBuzzGame\FizzBuzzGame.csproj", "{191608AC-858A-4E9B-BC5E-7585893616EC}"
EndProject
Global
	GlobalSection(SolutionConfigurationPlatforms) = preSolution
		Debug|Any CPU = Debug|Any CPU
		Release|Any CPU = Release|Any CPU
	EndGlobalSection
	GlobalSection(ProjectConfigurationPlatforms) = postSolution
		{D0CF4274-A852-4FAD-B9E2-2009D6D541DC}.Debug|Any CPU.ActiveCfg = Debug|Any CPU
		{D0CF4274-A852-4FAD-B9E2-2009D6D541DC}.Debug|Any CPU.Build.0 = Debug|Any CPU
		{D0CF4274-A852-4FAD-B9E2-2009D6D541DC}.Release|Any CPU.ActiveCfg = Release|Any CPU
		{D0CF4274-A852-4FAD-B9E2-2009D6D541DC}.Release|Any CPU.Build.0 = Release|Any CPU
		{4718E2A3-BB0D-41C0-BDD1-BC38C3EF3BED}.Debug|Any CPU.ActiveCfg = Debug|Any CPU
		{4718E2A3-BB0D-41C0-BDD1-BC38C3EF3BED}.Debug|Any CPU.Build.0 = Debug|Any CPU
		{4718E2A3-BB0D-41C0-BDD1-BC38C3EF3BED}.Release|Any CPU.ActiveCfg = Release|Any CPU
		{4718E2A3-BB0D-41C0-BDD1-BC38C3EF3BED}.Release|Any CPU.Build.0 = Release|Any CPU
		{2E101328-DC94-418A-BD29-FD024B5BCA60}.Debug|Any CPU.ActiveCfg = Debug|Any CPU
		{2E101328-DC94-418A-BD29-FD024B5BCA60}.Debug|Any CPU.Build.0 = Debug|Any CPU
		{2E101328-DC94-418A-BD29-FD024B5BCA60}.Release|Any CPU.ActiveCfg = Release|Any CPU
		{2E101328-DC94-418A-BD29-FD024B5BCA60}.Release|Any CPU.Build.0 = Release|Any CPU
		{F2064D96-A37C-47B8-B8C6-ADDAF5DDA4DA}.Debug|Any CPU.ActiveCfg = Debug|Any CPU
		{F2064D96-A37C-47B8-B8C6-ADDAF5DDA4DA}.Debug|Any CPU.Build.0 = Debug|Any CPU
		{F2064D96-A37C-47B8-B8C6-ADDAF5DDA4DA}.Release|Any CPU.ActiveCfg = Release|Any CPU
		{F2064D96-A37C-47B8-B8C6-ADDAF5DDA4DA}.Release|Any CPU.Build.0 = Release|Any CPU
		{68C3F92E-1B5B-4186-A806-36E4F57D34B2}.Debug|Any CPU.ActiveCfg = Debug|Any CPU
		{68C3F92E-1B5B-4186-A806-36E4F57D34B2}.Debug|Any CPU.Build.0 = Debug|Any CPU
		{68C3F92E-1B5B-4186-A806-36E4F57D34B2}.Release|Any CPU.ActiveCfg = Release|Any CPU
		{68C3F92E-1B5B-4186-A806-36E4F57D34B2}.Release|Any CPU.Build.0 = Release|Any CPU
		{9B9CC1DE-F1D2-46CA-8EC9-A8E5279C3E31}.Debug|Any CPU.ActiveCfg = Debug|Any CPU
		{9B9CC1DE-F1D2-46CA-8EC9-A8E5279C3E31}.Debug|Any CPU.Build.0 = Debug|Any CPU
		{9B9CC1DE-F1D2-46CA-8EC9-A8E5279C3E31}.Release|Any CPU.ActiveCfg = Release|Any CPU
		{9B9CC1DE-F1D2-46CA-8EC9-A8E5279C3E31}.Release|Any CPU.Build.0 = Release|Any CPU
		{B7F5221E-2A1C-411D-A244-A682267018E2}.Debug|Any CPU.ActiveCfg = Debug|Any CPU
		{B7F5221E-2A1C-411D-A244-A682267018E2}.Debug|Any CPU.Build.0 = Debug|Any CPU
		{B7F5221E-2A1C-411D-A244-A682267018E2}.Release|Any CPU.ActiveCfg = Release|Any CPU
		{B7F5221E-2A1C-411D-A244-A682267018E2}.Release|Any CPU.Build.0 = Release|Any CPU
		{D38EC774-2D18-413A-9538-27BD9B51E514}.Debug|Any CPU.ActiveCfg = Debug|Any CPU
		{D38EC774-2D18-413A-9538-27BD9B51E514}.Debug|Any CPU.Build.0 = Debug|Any CPU
		{D38EC774-2D18-413A-9538-27BD9B51E514}.Release|Any CPU.ActiveCfg = Release|Any CPU
		{D38EC774-2D18-413A-9538-27BD9B51E514}.Release|Any CPU.Build.0 = Release|Any CPU
		{4E5D58C0-F654-48F2-9C0F-D08B4C933F55}.Debug|Any CPU.ActiveCfg = Debug|Any CPU
		{4E5D58C0-F654-48F2-9C0F-D08B4C933F55}.Debug|Any CPU.Build.0 = Debug|Any CPU
		{4E5D58C0-F654-48F2-9C0F-D08B4C933F55}.Release|Any CPU.ActiveCfg = Release|Any CPU
		{4E5D58C0-F654-48F2-9C0F-D08B4C933F55}.Release|Any CPU.Build.0 = Release|Any CPU
		{B8B30BFA-D329-401B-96E6-89A4339980C0}.Debug|Any CPU.ActiveCfg = Debug|Any CPU
		{B8B30BFA-D329-401B-96E6-89A4339980C0}.Debug|Any CPU.Build.0 = Debug|Any CPU
		{B8B30BFA-D329-401B-96E6-89A4339980C0}.Release|Any CPU.ActiveCfg = Release|Any CPU
		{B8B30BFA-D329-401B-96E6-89A4339980C0}.Release|Any CPU.Build.0 = Release|Any CPU
		{7ED02254-5889-497C-9FD0-697CFFD2D22C}.Debug|Any CPU.ActiveCfg = Debug|Any CPU
		{7ED02254-5889-497C-9FD0-697CFFD2D22C}.Debug|Any CPU.Build.0 = Debug|Any CPU
		{7ED02254-5889-497C-9FD0-697CFFD2D22C}.Release|Any CPU.ActiveCfg = Release|Any CPU
		{7ED02254-5889-497C-9FD0-697CFFD2D22C}.Release|Any CPU.Build.0 = Release|Any CPU
		{EB682D5A-8CF5-4A9F-8B0B-A7AE2271569C}.Debug|Any CPU.ActiveCfg = Debug|Any CPU
		{EB682D5A-8CF5-4A9F-8B0B-A7AE2271569C}.Debug|Any CPU.Build.0 = Debug|Any CPU
		{EB682D5A-8CF5-4A9F-8B0B-A7AE2271569C}.Release|Any CPU.ActiveCfg = Release|Any CPU
		{EB682D5A-8CF5-4A9F-8B0B-A7AE2271569C}.Release|Any CPU.Build.0 = Release|Any CPU
		{C3814393-3C3C-419B-9C61-826D1A522138}.Debug|Any CPU.ActiveCfg = Debug|Any CPU
		{C3814393-3C3C-419B-9C61-826D1A522138}.Debug|Any CPU.Build.0 = Debug|Any CPU
		{C3814393-3C3C-419B-9C61-826D1A522138}.Release|Any CPU.ActiveCfg = Release|Any CPU
		{C3814393-3C3C-419B-9C61-826D1A522138}.Release|Any CPU.Build.0 = Release|Any CPU
		{CA41D5C2-7119-409E-9DB9-805DD5C85918}.Debug|Any CPU.ActiveCfg = Debug|Any CPU
		{CA41D5C2-7119-409E-9DB9-805DD5C85918}.Debug|Any CPU.Build.0 = Debug|Any CPU
		{CA41D5C2-7119-409E-9DB9-805DD5C85918}.Release|Any CPU.ActiveCfg = Release|Any CPU
		{CA41D5C2-7119-409E-9DB9-805DD5C85918}.Release|Any CPU.Build.0 = Release|Any CPU
		{21F470B3-CE32-4CF5-AAFB-6B0507922F4F}.Debug|Any CPU.ActiveCfg = Debug|Any CPU
		{21F470B3-CE32-4CF5-AAFB-6B0507922F4F}.Debug|Any CPU.Build.0 = Debug|Any CPU
		{21F470B3-CE32-4CF5-AAFB-6B0507922F4F}.Release|Any CPU.ActiveCfg = Release|Any CPU
		{21F470B3-CE32-4CF5-AAFB-6B0507922F4F}.Release|Any CPU.Build.0 = Release|Any CPU
		{E84F499A-F713-4F9B-9785-8A1943A05628}.Debug|Any CPU.ActiveCfg = Debug|Any CPU
		{E84F499A-F713-4F9B-9785-8A1943A05628}.Debug|Any CPU.Build.0 = Debug|Any CPU
		{E84F499A-F713-4F9B-9785-8A1943A05628}.Release|Any CPU.ActiveCfg = Release|Any CPU
		{E84F499A-F713-4F9B-9785-8A1943A05628}.Release|Any CPU.Build.0 = Release|Any CPU
		{DA3FDB2A-0D14-49D7-9BDD-FFA0805B7ABC}.Debug|Any CPU.ActiveCfg = Debug|Any CPU
		{DA3FDB2A-0D14-49D7-9BDD-FFA0805B7ABC}.Debug|Any CPU.Build.0 = Debug|Any CPU
		{DA3FDB2A-0D14-49D7-9BDD-FFA0805B7ABC}.Release|Any CPU.ActiveCfg = Release|Any CPU
		{DA3FDB2A-0D14-49D7-9BDD-FFA0805B7ABC}.Release|Any CPU.Build.0 = Release|Any CPU
		{976D2B91-B6FD-4D6F-A588-30C012E67CFD}.Debug|Any CPU.ActiveCfg = Debug|Any CPU
		{976D2B91-B6FD-4D6F-A588-30C012E67CFD}.Debug|Any CPU.Build.0 = Debug|Any CPU
		{976D2B91-B6FD-4D6F-A588-30C012E67CFD}.Release|Any CPU.ActiveCfg = Release|Any CPU
		{976D2B91-B6FD-4D6F-A588-30C012E67CFD}.Release|Any CPU.Build.0 = Release|Any CPU
		{853A99B9-B2EA-4DC2-A31B-77F385DDAA9F}.Debug|Any CPU.ActiveCfg = Debug|Any CPU
		{853A99B9-B2EA-4DC2-A31B-77F385DDAA9F}.Debug|Any CPU.Build.0 = Debug|Any CPU
		{853A99B9-B2EA-4DC2-A31B-77F385DDAA9F}.Release|Any CPU.ActiveCfg = Release|Any CPU
		{853A99B9-B2EA-4DC2-A31B-77F385DDAA9F}.Release|Any CPU.Build.0 = Release|Any CPU
		{8329D80F-2E2C-4634-87C0-E63A7D8129E4}.Debug|Any CPU.ActiveCfg = Debug|Any CPU
		{8329D80F-2E2C-4634-87C0-E63A7D8129E4}.Debug|Any CPU.Build.0 = Debug|Any CPU
		{8329D80F-2E2C-4634-87C0-E63A7D8129E4}.Release|Any CPU.ActiveCfg = Release|Any CPU
		{8329D80F-2E2C-4634-87C0-E63A7D8129E4}.Release|Any CPU.Build.0 = Release|Any CPU
		{21B0E297-ABCF-4325-A94B-D975E57FD74F}.Debug|Any CPU.ActiveCfg = Debug|Any CPU
		{21B0E297-ABCF-4325-A94B-D975E57FD74F}.Debug|Any CPU.Build.0 = Debug|Any CPU
		{21B0E297-ABCF-4325-A94B-D975E57FD74F}.Release|Any CPU.ActiveCfg = Release|Any CPU
		{21B0E297-ABCF-4325-A94B-D975E57FD74F}.Release|Any CPU.Build.0 = Release|Any CPU
		{3F826B84-0678-4AA6-A5C4-53BC5022A959}.Debug|Any CPU.ActiveCfg = Debug|Any CPU
		{3F826B84-0678-4AA6-A5C4-53BC5022A959}.Debug|Any CPU.Build.0 = Debug|Any CPU
		{3F826B84-0678-4AA6-A5C4-53BC5022A959}.Release|Any CPU.ActiveCfg = Release|Any CPU
		{3F826B84-0678-4AA6-A5C4-53BC5022A959}.Release|Any CPU.Build.0 = Release|Any CPU
		{C25CBAFA-9431-4524-8AA0-8463D0622620}.Debug|Any CPU.ActiveCfg = Debug|Any CPU
		{C25CBAFA-9431-4524-8AA0-8463D0622620}.Debug|Any CPU.Build.0 = Debug|Any CPU
		{C25CBAFA-9431-4524-8AA0-8463D0622620}.Release|Any CPU.ActiveCfg = Release|Any CPU
		{C25CBAFA-9431-4524-8AA0-8463D0622620}.Release|Any CPU.Build.0 = Release|Any CPU
		{C3164E46-E23B-4275-BC2A-782A176C3DF8}.Debug|Any CPU.ActiveCfg = Debug|Any CPU
		{C3164E46-E23B-4275-BC2A-782A176C3DF8}.Debug|Any CPU.Build.0 = Debug|Any CPU
		{C3164E46-E23B-4275-BC2A-782A176C3DF8}.Release|Any CPU.ActiveCfg = Release|Any CPU
		{C3164E46-E23B-4275-BC2A-782A176C3DF8}.Release|Any CPU.Build.0 = Release|Any CPU
		{130FDF5E-273D-46C1-9834-9EB67BCFC097}.Debug|Any CPU.ActiveCfg = Debug|Any CPU
		{130FDF5E-273D-46C1-9834-9EB67BCFC097}.Debug|Any CPU.Build.0 = Debug|Any CPU
		{130FDF5E-273D-46C1-9834-9EB67BCFC097}.Release|Any CPU.ActiveCfg = Release|Any CPU
		{130FDF5E-273D-46C1-9834-9EB67BCFC097}.Release|Any CPU.Build.0 = Release|Any CPU
		{9DA4C319-274C-4BD9-8A12-32834BDBC425}.Debug|Any CPU.ActiveCfg = Debug|Any CPU
		{9DA4C319-274C-4BD9-8A12-32834BDBC425}.Debug|Any CPU.Build.0 = Debug|Any CPU
		{9DA4C319-274C-4BD9-8A12-32834BDBC425}.Release|Any CPU.ActiveCfg = Release|Any CPU
		{9DA4C319-274C-4BD9-8A12-32834BDBC425}.Release|Any CPU.Build.0 = Release|Any CPU
		{03E9CD9A-7A15-4013-808E-80A4F84084A9}.Debug|Any CPU.ActiveCfg = Debug|Any CPU
		{03E9CD9A-7A15-4013-808E-80A4F84084A9}.Debug|Any CPU.Build.0 = Debug|Any CPU
		{03E9CD9A-7A15-4013-808E-80A4F84084A9}.Release|Any CPU.ActiveCfg = Release|Any CPU
		{03E9CD9A-7A15-4013-808E-80A4F84084A9}.Release|Any CPU.Build.0 = Release|Any CPU
		{940EB305-6E88-43F7-A6C9-B31037C1E8F1}.Debug|Any CPU.ActiveCfg = Debug|Any CPU
		{940EB305-6E88-43F7-A6C9-B31037C1E8F1}.Debug|Any CPU.Build.0 = Debug|Any CPU
		{940EB305-6E88-43F7-A6C9-B31037C1E8F1}.Release|Any CPU.ActiveCfg = Release|Any CPU
		{940EB305-6E88-43F7-A6C9-B31037C1E8F1}.Release|Any CPU.Build.0 = Release|Any CPU
		{2CF2D983-145D-428F-9DB1-A9D943501F29}.Debug|Any CPU.ActiveCfg = Debug|Any CPU
		{2CF2D983-145D-428F-9DB1-A9D943501F29}.Debug|Any CPU.Build.0 = Debug|Any CPU
		{2CF2D983-145D-428F-9DB1-A9D943501F29}.Release|Any CPU.ActiveCfg = Release|Any CPU
		{2CF2D983-145D-428F-9DB1-A9D943501F29}.Release|Any CPU.Build.0 = Release|Any CPU
		{80A21B2A-75AA-483A-B1AC-3C38D5997D91}.Debug|Any CPU.ActiveCfg = Debug|Any CPU
		{80A21B2A-75AA-483A-B1AC-3C38D5997D91}.Debug|Any CPU.Build.0 = Debug|Any CPU
		{80A21B2A-75AA-483A-B1AC-3C38D5997D91}.Release|Any CPU.ActiveCfg = Release|Any CPU
		{80A21B2A-75AA-483A-B1AC-3C38D5997D91}.Release|Any CPU.Build.0 = Release|Any CPU
		{CC48C69C-7B6A-43A6-A993-75D90BFC4AF9}.Debug|Any CPU.ActiveCfg = Debug|Any CPU
		{CC48C69C-7B6A-43A6-A993-75D90BFC4AF9}.Debug|Any CPU.Build.0 = Debug|Any CPU
		{CC48C69C-7B6A-43A6-A993-75D90BFC4AF9}.Release|Any CPU.ActiveCfg = Release|Any CPU
		{CC48C69C-7B6A-43A6-A993-75D90BFC4AF9}.Release|Any CPU.Build.0 = Release|Any CPU
		{C887F2C2-9011-4A98-94B3-B4F0C0AD565B}.Debug|Any CPU.ActiveCfg = Debug|Any CPU
		{C887F2C2-9011-4A98-94B3-B4F0C0AD565B}.Debug|Any CPU.Build.0 = Debug|Any CPU
		{C887F2C2-9011-4A98-94B3-B4F0C0AD565B}.Release|Any CPU.ActiveCfg = Release|Any CPU
		{C887F2C2-9011-4A98-94B3-B4F0C0AD565B}.Release|Any CPU.Build.0 = Release|Any CPU
		{CFC1F390-6257-4655-A012-651DBF597FD8}.Debug|Any CPU.ActiveCfg = Debug|Any CPU
		{CFC1F390-6257-4655-A012-651DBF597FD8}.Debug|Any CPU.Build.0 = Debug|Any CPU
		{CFC1F390-6257-4655-A012-651DBF597FD8}.Release|Any CPU.ActiveCfg = Release|Any CPU
		{CFC1F390-6257-4655-A012-651DBF597FD8}.Release|Any CPU.Build.0 = Release|Any CPU
		{5C3C1E5C-7633-4491-86D9-196B6576CC2C}.Debug|Any CPU.ActiveCfg = Debug|Any CPU
		{5C3C1E5C-7633-4491-86D9-196B6576CC2C}.Debug|Any CPU.Build.0 = Debug|Any CPU
		{5C3C1E5C-7633-4491-86D9-196B6576CC2C}.Release|Any CPU.ActiveCfg = Release|Any CPU
		{5C3C1E5C-7633-4491-86D9-196B6576CC2C}.Release|Any CPU.Build.0 = Release|Any CPU
		{BBA34B1F-0C52-4432-AC2F-03FC1E3C168F}.Debug|Any CPU.ActiveCfg = Debug|Any CPU
		{BBA34B1F-0C52-4432-AC2F-03FC1E3C168F}.Debug|Any CPU.Build.0 = Debug|Any CPU
		{BBA34B1F-0C52-4432-AC2F-03FC1E3C168F}.Release|Any CPU.ActiveCfg = Release|Any CPU
		{BBA34B1F-0C52-4432-AC2F-03FC1E3C168F}.Release|Any CPU.Build.0 = Release|Any CPU
		{95E56B62-EF78-4BCB-8FD7-E26E230DF05D}.Debug|Any CPU.ActiveCfg = Debug|Any CPU
		{95E56B62-EF78-4BCB-8FD7-E26E230DF05D}.Debug|Any CPU.Build.0 = Debug|Any CPU
		{95E56B62-EF78-4BCB-8FD7-E26E230DF05D}.Release|Any CPU.ActiveCfg = Release|Any CPU
		{95E56B62-EF78-4BCB-8FD7-E26E230DF05D}.Release|Any CPU.Build.0 = Release|Any CPU
		{CFCA2556-BABC-4FE7-9348-4A44DFDF2C06}.Debug|Any CPU.ActiveCfg = Debug|Any CPU
		{CFCA2556-BABC-4FE7-9348-4A44DFDF2C06}.Debug|Any CPU.Build.0 = Debug|Any CPU
		{CFCA2556-BABC-4FE7-9348-4A44DFDF2C06}.Release|Any CPU.ActiveCfg = Release|Any CPU
		{CFCA2556-BABC-4FE7-9348-4A44DFDF2C06}.Release|Any CPU.Build.0 = Release|Any CPU
		{DDAACB95-40AD-461F-A8A2-F898FDB122E3}.Debug|Any CPU.ActiveCfg = Debug|Any CPU
		{DDAACB95-40AD-461F-A8A2-F898FDB122E3}.Debug|Any CPU.Build.0 = Debug|Any CPU
		{DDAACB95-40AD-461F-A8A2-F898FDB122E3}.Release|Any CPU.ActiveCfg = Release|Any CPU
		{DDAACB95-40AD-461F-A8A2-F898FDB122E3}.Release|Any CPU.Build.0 = Release|Any CPU
		{CF7D36F5-69C7-4A9E-BC53-1465C4C9E4E4}.Debug|Any CPU.ActiveCfg = Debug|Any CPU
		{CF7D36F5-69C7-4A9E-BC53-1465C4C9E4E4}.Debug|Any CPU.Build.0 = Debug|Any CPU
		{CF7D36F5-69C7-4A9E-BC53-1465C4C9E4E4}.Release|Any CPU.ActiveCfg = Release|Any CPU
		{CF7D36F5-69C7-4A9E-BC53-1465C4C9E4E4}.Release|Any CPU.Build.0 = Release|Any CPU
		{5F668B3B-7FFD-4089-92F6-46DE7BEBBCA1}.Debug|Any CPU.ActiveCfg = Debug|Any CPU
		{5F668B3B-7FFD-4089-92F6-46DE7BEBBCA1}.Debug|Any CPU.Build.0 = Debug|Any CPU
		{5F668B3B-7FFD-4089-92F6-46DE7BEBBCA1}.Release|Any CPU.ActiveCfg = Release|Any CPU
		{5F668B3B-7FFD-4089-92F6-46DE7BEBBCA1}.Release|Any CPU.Build.0 = Release|Any CPU
		{6A0EC2D1-B208-4286-A54B-5C26564DC649}.Debug|Any CPU.ActiveCfg = Debug|Any CPU
		{6A0EC2D1-B208-4286-A54B-5C26564DC649}.Debug|Any CPU.Build.0 = Debug|Any CPU
		{6A0EC2D1-B208-4286-A54B-5C26564DC649}.Release|Any CPU.ActiveCfg = Release|Any CPU
		{6A0EC2D1-B208-4286-A54B-5C26564DC649}.Release|Any CPU.Build.0 = Release|Any CPU
		{707939AB-86FA-4122-BA93-D277826649A3}.Debug|Any CPU.ActiveCfg = Debug|Any CPU
		{707939AB-86FA-4122-BA93-D277826649A3}.Debug|Any CPU.Build.0 = Debug|Any CPU
		{707939AB-86FA-4122-BA93-D277826649A3}.Release|Any CPU.ActiveCfg = Release|Any CPU
		{707939AB-86FA-4122-BA93-D277826649A3}.Release|Any CPU.Build.0 = Release|Any CPU
		{4BB08AD4-F356-4587-B170-8A34B457BD40}.Debug|Any CPU.ActiveCfg = Debug|Any CPU
		{4BB08AD4-F356-4587-B170-8A34B457BD40}.Debug|Any CPU.Build.0 = Debug|Any CPU
		{4BB08AD4-F356-4587-B170-8A34B457BD40}.Release|Any CPU.ActiveCfg = Release|Any CPU
		{4BB08AD4-F356-4587-B170-8A34B457BD40}.Release|Any CPU.Build.0 = Release|Any CPU
		{A824B69D-175B-45B9-A841-CA25B8F9ED4E}.Debug|Any CPU.ActiveCfg = Debug|Any CPU
		{A824B69D-175B-45B9-A841-CA25B8F9ED4E}.Debug|Any CPU.Build.0 = Debug|Any CPU
		{A824B69D-175B-45B9-A841-CA25B8F9ED4E}.Release|Any CPU.ActiveCfg = Release|Any CPU
		{A824B69D-175B-45B9-A841-CA25B8F9ED4E}.Release|Any CPU.Build.0 = Release|Any CPU
		{85E50F1B-4FDD-4075-8424-468660DADDAC}.Debug|Any CPU.ActiveCfg = Debug|Any CPU
		{85E50F1B-4FDD-4075-8424-468660DADDAC}.Debug|Any CPU.Build.0 = Debug|Any CPU
		{85E50F1B-4FDD-4075-8424-468660DADDAC}.Release|Any CPU.ActiveCfg = Release|Any CPU
		{85E50F1B-4FDD-4075-8424-468660DADDAC}.Release|Any CPU.Build.0 = Release|Any CPU
		{0D0AA5C9-331D-4593-8FAD-9B79CD5E9583}.Debug|Any CPU.ActiveCfg = Debug|Any CPU
		{0D0AA5C9-331D-4593-8FAD-9B79CD5E9583}.Debug|Any CPU.Build.0 = Debug|Any CPU
		{0D0AA5C9-331D-4593-8FAD-9B79CD5E9583}.Release|Any CPU.ActiveCfg = Release|Any CPU
		{0D0AA5C9-331D-4593-8FAD-9B79CD5E9583}.Release|Any CPU.Build.0 = Release|Any CPU
		{9DE9C8CD-DBD7-497C-9DA4-778DAC1D3F9E}.Debug|Any CPU.ActiveCfg = Debug|Any CPU
		{9DE9C8CD-DBD7-497C-9DA4-778DAC1D3F9E}.Debug|Any CPU.Build.0 = Debug|Any CPU
		{9DE9C8CD-DBD7-497C-9DA4-778DAC1D3F9E}.Release|Any CPU.ActiveCfg = Release|Any CPU
		{9DE9C8CD-DBD7-497C-9DA4-778DAC1D3F9E}.Release|Any CPU.Build.0 = Release|Any CPU
		{B3DD828F-A67C-4D1F-AFCC-2F13C3FBFFA7}.Debug|Any CPU.ActiveCfg = Debug|Any CPU
		{B3DD828F-A67C-4D1F-AFCC-2F13C3FBFFA7}.Debug|Any CPU.Build.0 = Debug|Any CPU
		{B3DD828F-A67C-4D1F-AFCC-2F13C3FBFFA7}.Release|Any CPU.ActiveCfg = Release|Any CPU
		{B3DD828F-A67C-4D1F-AFCC-2F13C3FBFFA7}.Release|Any CPU.Build.0 = Release|Any CPU
		{ECB781EF-C258-4020-ACAE-F15144EB5300}.Debug|Any CPU.ActiveCfg = Debug|Any CPU
		{ECB781EF-C258-4020-ACAE-F15144EB5300}.Debug|Any CPU.Build.0 = Debug|Any CPU
		{ECB781EF-C258-4020-ACAE-F15144EB5300}.Release|Any CPU.ActiveCfg = Release|Any CPU
		{ECB781EF-C258-4020-ACAE-F15144EB5300}.Release|Any CPU.Build.0 = Release|Any CPU
		{69CB0A55-42CA-44E8-AAC8-00D3286B2F9A}.Debug|Any CPU.ActiveCfg = Debug|Any CPU
		{69CB0A55-42CA-44E8-AAC8-00D3286B2F9A}.Debug|Any CPU.Build.0 = Debug|Any CPU
		{69CB0A55-42CA-44E8-AAC8-00D3286B2F9A}.Release|Any CPU.ActiveCfg = Release|Any CPU
		{69CB0A55-42CA-44E8-AAC8-00D3286B2F9A}.Release|Any CPU.Build.0 = Release|Any CPU
		{BE6BBB82-8C69-482C-8D0C-15296B36B6A4}.Debug|Any CPU.ActiveCfg = Debug|Any CPU
		{BE6BBB82-8C69-482C-8D0C-15296B36B6A4}.Debug|Any CPU.Build.0 = Debug|Any CPU
		{BE6BBB82-8C69-482C-8D0C-15296B36B6A4}.Release|Any CPU.ActiveCfg = Release|Any CPU
		{BE6BBB82-8C69-482C-8D0C-15296B36B6A4}.Release|Any CPU.Build.0 = Release|Any CPU
		{4FB9DB6F-C337-428B-AB32-66CBF64037E2}.Debug|Any CPU.ActiveCfg = Debug|Any CPU
		{4FB9DB6F-C337-428B-AB32-66CBF64037E2}.Debug|Any CPU.Build.0 = Debug|Any CPU
		{4FB9DB6F-C337-428B-AB32-66CBF64037E2}.Release|Any CPU.ActiveCfg = Release|Any CPU
		{4FB9DB6F-C337-428B-AB32-66CBF64037E2}.Release|Any CPU.Build.0 = Release|Any CPU
		{EB7CD74D-B211-4FB9-8CA5-65EC74D62120}.Debug|Any CPU.ActiveCfg = Debug|Any CPU
		{EB7CD74D-B211-4FB9-8CA5-65EC74D62120}.Debug|Any CPU.Build.0 = Debug|Any CPU
		{EB7CD74D-B211-4FB9-8CA5-65EC74D62120}.Release|Any CPU.ActiveCfg = Release|Any CPU
		{EB7CD74D-B211-4FB9-8CA5-65EC74D62120}.Release|Any CPU.Build.0 = Release|Any CPU
		{012F2F31-7FBB-440C-AD32-AADD7B1DBE4C}.Debug|Any CPU.ActiveCfg = Debug|Any CPU
		{012F2F31-7FBB-440C-AD32-AADD7B1DBE4C}.Debug|Any CPU.Build.0 = Debug|Any CPU
		{012F2F31-7FBB-440C-AD32-AADD7B1DBE4C}.Release|Any CPU.ActiveCfg = Release|Any CPU
		{012F2F31-7FBB-440C-AD32-AADD7B1DBE4C}.Release|Any CPU.Build.0 = Release|Any CPU
		{FED4393E-60EF-45ED-AAA9-47B24936E522}.Debug|Any CPU.ActiveCfg = Debug|Any CPU
		{FED4393E-60EF-45ED-AAA9-47B24936E522}.Debug|Any CPU.Build.0 = Debug|Any CPU
		{FED4393E-60EF-45ED-AAA9-47B24936E522}.Release|Any CPU.ActiveCfg = Release|Any CPU
		{FED4393E-60EF-45ED-AAA9-47B24936E522}.Release|Any CPU.Build.0 = Release|Any CPU
		{9E027C7E-265A-4EBB-AC3F-7BF37BDBFE1B}.Debug|Any CPU.ActiveCfg = Debug|Any CPU
		{9E027C7E-265A-4EBB-AC3F-7BF37BDBFE1B}.Debug|Any CPU.Build.0 = Debug|Any CPU
		{9E027C7E-265A-4EBB-AC3F-7BF37BDBFE1B}.Release|Any CPU.ActiveCfg = Release|Any CPU
		{9E027C7E-265A-4EBB-AC3F-7BF37BDBFE1B}.Release|Any CPU.Build.0 = Release|Any CPU
		{AE1AF13E-D236-45FF-BA6E-4482717AD3FE}.Debug|Any CPU.ActiveCfg = Debug|Any CPU
		{AE1AF13E-D236-45FF-BA6E-4482717AD3FE}.Debug|Any CPU.Build.0 = Debug|Any CPU
		{AE1AF13E-D236-45FF-BA6E-4482717AD3FE}.Release|Any CPU.ActiveCfg = Release|Any CPU
		{AE1AF13E-D236-45FF-BA6E-4482717AD3FE}.Release|Any CPU.Build.0 = Release|Any CPU
		{F79D45B0-269F-4F16-8671-C523DAA24CBC}.Debug|Any CPU.ActiveCfg = Debug|Any CPU
		{F79D45B0-269F-4F16-8671-C523DAA24CBC}.Debug|Any CPU.Build.0 = Debug|Any CPU
		{F79D45B0-269F-4F16-8671-C523DAA24CBC}.Release|Any CPU.ActiveCfg = Release|Any CPU
		{F79D45B0-269F-4F16-8671-C523DAA24CBC}.Release|Any CPU.Build.0 = Release|Any CPU
		{E0A94264-B7F0-4F0C-8BE7-32D92857BD7D}.Debug|Any CPU.ActiveCfg = Debug|Any CPU
		{E0A94264-B7F0-4F0C-8BE7-32D92857BD7D}.Debug|Any CPU.Build.0 = Debug|Any CPU
		{E0A94264-B7F0-4F0C-8BE7-32D92857BD7D}.Release|Any CPU.ActiveCfg = Release|Any CPU
		{E0A94264-B7F0-4F0C-8BE7-32D92857BD7D}.Release|Any CPU.Build.0 = Release|Any CPU
		{DF103FF4-85A4-4E2C-8A2F-1B9EA7873A2B}.Debug|Any CPU.ActiveCfg = Debug|Any CPU
		{DF103FF4-85A4-4E2C-8A2F-1B9EA7873A2B}.Debug|Any CPU.Build.0 = Debug|Any CPU
		{DF103FF4-85A4-4E2C-8A2F-1B9EA7873A2B}.Release|Any CPU.ActiveCfg = Release|Any CPU
		{DF103FF4-85A4-4E2C-8A2F-1B9EA7873A2B}.Release|Any CPU.Build.0 = Release|Any CPU
		{BF2F31B7-670C-4F81-8E30-4699B302685D}.Debug|Any CPU.ActiveCfg = Debug|Any CPU
		{BF2F31B7-670C-4F81-8E30-4699B302685D}.Debug|Any CPU.Build.0 = Debug|Any CPU
		{BF2F31B7-670C-4F81-8E30-4699B302685D}.Release|Any CPU.ActiveCfg = Release|Any CPU
		{BF2F31B7-670C-4F81-8E30-4699B302685D}.Release|Any CPU.Build.0 = Release|Any CPU
		{1B2DB0D2-DD89-4CBE-A3DE-475932B566CE}.Debug|Any CPU.ActiveCfg = Debug|Any CPU
		{1B2DB0D2-DD89-4CBE-A3DE-475932B566CE}.Debug|Any CPU.Build.0 = Debug|Any CPU
		{1B2DB0D2-DD89-4CBE-A3DE-475932B566CE}.Release|Any CPU.ActiveCfg = Release|Any CPU
		{1B2DB0D2-DD89-4CBE-A3DE-475932B566CE}.Release|Any CPU.Build.0 = Release|Any CPU
		{4DAE72E2-E09A-4C92-B10C-DED9ECAD6ADC}.Debug|Any CPU.ActiveCfg = Debug|Any CPU
		{4DAE72E2-E09A-4C92-B10C-DED9ECAD6ADC}.Debug|Any CPU.Build.0 = Debug|Any CPU
		{4DAE72E2-E09A-4C92-B10C-DED9ECAD6ADC}.Release|Any CPU.ActiveCfg = Release|Any CPU
		{4DAE72E2-E09A-4C92-B10C-DED9ECAD6ADC}.Release|Any CPU.Build.0 = Release|Any CPU
		{191608AC-858A-4E9B-BC5E-7585893616EC}.Debug|Any CPU.ActiveCfg = Debug|Any CPU
		{191608AC-858A-4E9B-BC5E-7585893616EC}.Debug|Any CPU.Build.0 = Debug|Any CPU
		{191608AC-858A-4E9B-BC5E-7585893616EC}.Release|Any CPU.ActiveCfg = Release|Any CPU
		{191608AC-858A-4E9B-BC5E-7585893616EC}.Release|Any CPU.Build.0 = Release|Any CPU
	EndGlobalSection
	GlobalSection(SolutionProperties) = preSolution
		HideSolutionNode = FALSE
	EndGlobalSection
	GlobalSection(NestedProjects) = preSolution
		{D0CF4274-A852-4FAD-B9E2-2009D6D541DC} = {B461055E-2AE7-4970-8075-435109CA80ED}
		{4718E2A3-BB0D-41C0-BDD1-BC38C3EF3BED} = {B461055E-2AE7-4970-8075-435109CA80ED}
		{2E101328-DC94-418A-BD29-FD024B5BCA60} = {B461055E-2AE7-4970-8075-435109CA80ED}
		{F2064D96-A37C-47B8-B8C6-ADDAF5DDA4DA} = {B461055E-2AE7-4970-8075-435109CA80ED}
		{68C3F92E-1B5B-4186-A806-36E4F57D34B2} = {B461055E-2AE7-4970-8075-435109CA80ED}
		{9B9CC1DE-F1D2-46CA-8EC9-A8E5279C3E31} = {B461055E-2AE7-4970-8075-435109CA80ED}
		{B7F5221E-2A1C-411D-A244-A682267018E2} = {B461055E-2AE7-4970-8075-435109CA80ED}
		{D38EC774-2D18-413A-9538-27BD9B51E514} = {B461055E-2AE7-4970-8075-435109CA80ED}
		{4E5D58C0-F654-48F2-9C0F-D08B4C933F55} = {B461055E-2AE7-4970-8075-435109CA80ED}
		{B8B30BFA-D329-401B-96E6-89A4339980C0} = {06643374-5AAE-470D-B68E-8DA331A1CF40}
		{7ED02254-5889-497C-9FD0-697CFFD2D22C} = {06643374-5AAE-470D-B68E-8DA331A1CF40}
		{EB682D5A-8CF5-4A9F-8B0B-A7AE2271569C} = {06643374-5AAE-470D-B68E-8DA331A1CF40}
		{C3814393-3C3C-419B-9C61-826D1A522138} = {06643374-5AAE-470D-B68E-8DA331A1CF40}
		{CA41D5C2-7119-409E-9DB9-805DD5C85918} = {06643374-5AAE-470D-B68E-8DA331A1CF40}
		{21F470B3-CE32-4CF5-AAFB-6B0507922F4F} = {06643374-5AAE-470D-B68E-8DA331A1CF40}
		{E84F499A-F713-4F9B-9785-8A1943A05628} = {06643374-5AAE-470D-B68E-8DA331A1CF40}
		{DA3FDB2A-0D14-49D7-9BDD-FFA0805B7ABC} = {06643374-5AAE-470D-B68E-8DA331A1CF40}
		{976D2B91-B6FD-4D6F-A588-30C012E67CFD} = {06643374-5AAE-470D-B68E-8DA331A1CF40}
		{853A99B9-B2EA-4DC2-A31B-77F385DDAA9F} = {C811558B-3D12-47BE-A8EF-57193B6EBA26}
		{8329D80F-2E2C-4634-87C0-E63A7D8129E4} = {C811558B-3D12-47BE-A8EF-57193B6EBA26}
		{21B0E297-ABCF-4325-A94B-D975E57FD74F} = {C811558B-3D12-47BE-A8EF-57193B6EBA26}
		{3F826B84-0678-4AA6-A5C4-53BC5022A959} = {C811558B-3D12-47BE-A8EF-57193B6EBA26}
		{C25CBAFA-9431-4524-8AA0-8463D0622620} = {C811558B-3D12-47BE-A8EF-57193B6EBA26}
		{C3164E46-E23B-4275-BC2A-782A176C3DF8} = {C811558B-3D12-47BE-A8EF-57193B6EBA26}
		{130FDF5E-273D-46C1-9834-9EB67BCFC097} = {DA7C7077-6808-4029-AC92-E8756CC2FDB5}
		{9DA4C319-274C-4BD9-8A12-32834BDBC425} = {DA7C7077-6808-4029-AC92-E8756CC2FDB5}
		{03E9CD9A-7A15-4013-808E-80A4F84084A9} = {542CD6AE-0918-41C0-8E03-3999BA1AFDF9}
		{940EB305-6E88-43F7-A6C9-B31037C1E8F1} = {DA7C7077-6808-4029-AC92-E8756CC2FDB5}
		{2CF2D983-145D-428F-9DB1-A9D943501F29} = {DA7C7077-6808-4029-AC92-E8756CC2FDB5}
		{80A21B2A-75AA-483A-B1AC-3C38D5997D91} = {DA7C7077-6808-4029-AC92-E8756CC2FDB5}
		{CC48C69C-7B6A-43A6-A993-75D90BFC4AF9} = {DA7C7077-6808-4029-AC92-E8756CC2FDB5}
		{C887F2C2-9011-4A98-94B3-B4F0C0AD565B} = {DA7C7077-6808-4029-AC92-E8756CC2FDB5}
		{CFC1F390-6257-4655-A012-651DBF597FD8} = {43B90837-5BD5-415D-859F-6C8528E7EA7A}
		{5C3C1E5C-7633-4491-86D9-196B6576CC2C} = {C306E419-5836-4F46-ABDE-CD577B5B2413}
		{BBA34B1F-0C52-4432-AC2F-03FC1E3C168F} = {A3440013-D290-426D-A159-B7F810E52F4D}
		{5DFD39E5-B5D1-43FD-B0F6-6B4085EBA0E1} = {6BB030F0-8FEA-4052-A93C-D99A6B76891D}
		{A3440013-D290-426D-A159-B7F810E52F4D} = {6BB030F0-8FEA-4052-A93C-D99A6B76891D}
		{95E56B62-EF78-4BCB-8FD7-E26E230DF05D} = {5DFD39E5-B5D1-43FD-B0F6-6B4085EBA0E1}
		{CFCA2556-BABC-4FE7-9348-4A44DFDF2C06} = {5DFD39E5-B5D1-43FD-B0F6-6B4085EBA0E1}
		{DDAACB95-40AD-461F-A8A2-F898FDB122E3} = {BBCA56CA-AFBE-4221-A8BE-76CCE4E29547}
		{CF7D36F5-69C7-4A9E-BC53-1465C4C9E4E4} = {C0209133-127F-4444-89A6-C84E22B443BA}
		{5F668B3B-7FFD-4089-92F6-46DE7BEBBCA1} = {C0209133-127F-4444-89A6-C84E22B443BA}
		{6A0EC2D1-B208-4286-A54B-5C26564DC649} = {BBCA56CA-AFBE-4221-A8BE-76CCE4E29547}
		{707939AB-86FA-4122-BA93-D277826649A3} = {BBCA56CA-AFBE-4221-A8BE-76CCE4E29547}
		{4BB08AD4-F356-4587-B170-8A34B457BD40} = {BBCA56CA-AFBE-4221-A8BE-76CCE4E29547}
		{A824B69D-175B-45B9-A841-CA25B8F9ED4E} = {BBCA56CA-AFBE-4221-A8BE-76CCE4E29547}
		{85E50F1B-4FDD-4075-8424-468660DADDAC} = {EC6F72C1-3171-458E-836A-29527E39ECE9}
		{0D0AA5C9-331D-4593-8FAD-9B79CD5E9583} = {A754FD01-D2A6-43BB-81D4-99C4785B2059}
		{9DE9C8CD-DBD7-497C-9DA4-778DAC1D3F9E} = {FF23BC8B-6EF7-4993-BDF1-374A19CDC546}
		{B3DD828F-A67C-4D1F-AFCC-2F13C3FBFFA7} = {FF23BC8B-6EF7-4993-BDF1-374A19CDC546}
		{ECB781EF-C258-4020-ACAE-F15144EB5300} = {C811558B-3D12-47BE-A8EF-57193B6EBA26}
		{69CB0A55-42CA-44E8-AAC8-00D3286B2F9A} = {E0DE6525-2A8F-4049-AC04-38B9CF7846A0}
		{BE6BBB82-8C69-482C-8D0C-15296B36B6A4} = {BB36AB18-122E-431E-9654-D37EF32EB338}
		{4FB9DB6F-C337-428B-AB32-66CBF64037E2} = {BB36AB18-122E-431E-9654-D37EF32EB338}
		{EB7CD74D-B211-4FB9-8CA5-65EC74D62120} = {BB36AB18-122E-431E-9654-D37EF32EB338}
		{012F2F31-7FBB-440C-AD32-AADD7B1DBE4C} = {E0DE6525-2A8F-4049-AC04-38B9CF7846A0}
		{FED4393E-60EF-45ED-AAA9-47B24936E522} = {D20AB682-50F1-43A7-905F-EC1A7FAFFAE7}
		{9E027C7E-265A-4EBB-AC3F-7BF37BDBFE1B} = {AF2D63DF-8F19-441E-8673-8B3F4A73034E}
		{AE1AF13E-D236-45FF-BA6E-4482717AD3FE} = {AF2D63DF-8F19-441E-8673-8B3F4A73034E}
		{F79D45B0-269F-4F16-8671-C523DAA24CBC} = {C51F2219-5242-4DCA-8C24-DFB857246D0D}
		{E0A94264-B7F0-4F0C-8BE7-32D92857BD7D} = {C51F2219-5242-4DCA-8C24-DFB857246D0D}
		{2ED528A0-02C7-49B4-9D35-BB6A7362AB6C} = {DC473D01-A6AD-433E-AA98-F13B76676F42}
		{DF103FF4-85A4-4E2C-8A2F-1B9EA7873A2B} = {2ED528A0-02C7-49B4-9D35-BB6A7362AB6C}
		{BF2F31B7-670C-4F81-8E30-4699B302685D} = {D20AB682-50F1-43A7-905F-EC1A7FAFFAE7}
		{1B2DB0D2-DD89-4CBE-A3DE-475932B566CE} = {06AE69CA-5FB3-41D2-875A-7B50760C03AB}
		{4DAE72E2-E09A-4C92-B10C-DED9ECAD6ADC} = {06AE69CA-5FB3-41D2-875A-7B50760C03AB}
		{191608AC-858A-4E9B-BC5E-7585893616EC} = {AF2D63DF-8F19-441E-8673-8B3F4A73034E}
	EndGlobalSection
	GlobalSection(ExtensibilityGlobals) = postSolution
		SolutionGuid = {9F3214F5-5638-4A2A-BBE4-5DC21564DF28}
	EndGlobalSection
EndGlobal
